<?xml version="1.0" encoding="UTF-8"?>
<Project ToolsVersion="14.0" xmlns="http://schemas.microsoft.com/developer/msbuild/2003">
  <ItemGroup>
    <ClCompile Include="C:\Users\Arthur\Documents\GitHubVisualStudio\Babel\src\main.cpp">
      <Filter>Source Files</Filter>
    </ClCompile>
    <ClCompile Include="C:\Users\Arthur\Documents\GitHubVisualStudio\Babel\Babel_automoc.cpp">
      <Filter>Source Files</Filter>
    </ClCompile>
  </ItemGroup>
  <ItemGroup>
    <CustomBuild Include="C:\Users\Arthur\Documents\GitHubVisualStudio\Babel\CMakeLists.txt" />
  </ItemGroup>
  <ItemGroup>
    <Filter Include="Source Files">
      <UniqueIdentifier>{7222765D-6E10-3631-BF45-090A233F6F00}</UniqueIdentifier>
    </Filter>
  </ItemGroup>
</Project>
