<?xml version="1.0" encoding="UTF-8"?>
<Project ToolsVersion="14.0" xmlns="http://schemas.microsoft.com/developer/msbuild/2003">
  <ItemGroup>
    <CustomBuild Include="C:\Users\Arthur\Documents\GitHubVisualStudio\Babel\CMakeFiles\9c9e624001426c14872a89f440f81c12\generate.stamp.rule">
      <Filter>CMake Rules</Filter>
    </CustomBuild>
  </ItemGroup>
  <ItemGroup>
    <Filter Include="CMake Rules">
      <UniqueIdentifier>{012F7E56-F877-3BC3-9962-1B464789B397}</UniqueIdentifier>
    </Filter>
  </ItemGroup>
</Project>
