<?xml version="1.0" encoding="utf-8"?>
<Project ToolsVersion="4.0" xmlns="http://schemas.microsoft.com/developer/msbuild/2003">
  <ItemGroup>
    <Filter Include="Fichiers sources">
      <UniqueIdentifier>{4FC737F1-C7A5-4376-A066-2A32D752A2FF}</UniqueIdentifier>
      <Extensions>cpp;c;cc;cxx;def;odl;idl;hpj;bat;asm;asmx</Extensions>
    </Filter>
    <Filter Include="Fichiers d%27en-tête">
      <UniqueIdentifier>{93995380-89BD-4b04-88EB-625FBE52EBFB}</UniqueIdentifier>
      <Extensions>h;hh;hpp;hxx;hm;inl;inc;xsd</Extensions>
    </Filter>
    <Filter Include="Fichiers de ressources">
      <UniqueIdentifier>{67DA6AB6-F800-4c08-8B7A-83BB121AAD01}</UniqueIdentifier>
      <Extensions>rc;ico;cur;bmp;dlg;rc2;rct;bin;rgs;gif;jpg;jpeg;jpe;resx;tiff;tif;png;wav;mfcribbon-ms</Extensions>
    </Filter>
    <Filter Include="Fichiers d%27en-tête\Threading">
      <UniqueIdentifier>{cbdcac1d-cf13-45aa-adae-0fb9d6b227b9}</UniqueIdentifier>
    </Filter>
    <Filter Include="Fichiers d%27en-tête\Networking">
      <UniqueIdentifier>{7c8d764d-be60-4dff-9dcb-bfa42411515d}</UniqueIdentifier>
    </Filter>
    <Filter Include="Fichiers sources\Threading">
      <UniqueIdentifier>{cc8954d0-3c0d-4292-8296-122277fd9ff8}</UniqueIdentifier>
    </Filter>
    <Filter Include="Fichiers sources\Networking">
      <UniqueIdentifier>{79bf75ba-c911-4d29-bda7-6dcad53c43e0}</UniqueIdentifier>
    </Filter>
    <Filter Include="Fichiers d%27en-tête\Core">
      <UniqueIdentifier>{d38cbed6-ea10-4654-95a2-8001b5ad2384}</UniqueIdentifier>
    </Filter>
    <Filter Include="Fichiers sources\Core">
      <UniqueIdentifier>{e0efc37c-d2e7-41ef-b3ad-60e5b5842002}</UniqueIdentifier>
    </Filter>
  </ItemGroup>
  <ItemGroup>
    <ClInclude Include="Core.h">
      <Filter>Fichiers d%27en-tête\Core</Filter>
    </ClInclude>
    <ClInclude Include="IThread.h">
      <Filter>Fichiers d%27en-tête\Threading</Filter>
    </ClInclude>
    <ClInclude Include="IMutex.h">
      <Filter>Fichiers d%27en-tête\Threading</Filter>
    </ClInclude>
    <ClInclude Include="Transformer.h">
      <Filter>Fichiers d%27en-tête\Threading</Filter>
    </ClInclude>
    <ClInclude Include="UMutex.h">
      <Filter>Fichiers d%27en-tête\Threading</Filter>
    </ClInclude>
    <ClInclude Include="WMutex.h">
      <Filter>Fichiers d%27en-tête\Threading</Filter>
    </ClInclude>
    <ClInclude Include="UThread.h">
      <Filter>Fichiers d%27en-tête\Threading</Filter>
    </ClInclude>
    <ClInclude Include="ScopedLock.h">
      <Filter>Fichiers d%27en-tête\Core</Filter>
    </ClInclude>
    <ClInclude Include="SafeQueue.h">
      <Filter>Fichiers d%27en-tête\Core</Filter>
    </ClInclude>
    <ClInclude Include="WThread.h">
      <Filter>Fichiers d%27en-tête\Threading</Filter>
    </ClInclude>
    <ClInclude Include="GUI.h">
      <Filter>Fichiers d%27en-tête</Filter>
    </ClInclude>
    <ClInclude Include="WindowsNetworkAPI.h">
      <Filter>Fichiers d%27en-tête\Networking</Filter>
    </ClInclude>
    <ClInclude Include="NetworkAPI.h">
      <Filter>Fichiers d%27en-tête\Networking</Filter>
    </ClInclude>
    <ClInclude Include="WindowsNetworkDefines.h">
      <Filter>Fichiers d%27en-tête\Networking</Filter>
    </ClInclude>
  </ItemGroup>
  <ItemGroup>
    <ClCompile Include="Start.cpp">
      <Filter>Fichiers sources</Filter>
    </ClCompile>
    <ClCompile Include="..\Threading\UMutex.cpp">
      <Filter>Fichiers sources\Threading</Filter>
    </ClCompile>
    <ClCompile Include="..\Threading\UThread.cpp">
      <Filter>Fichiers sources\Threading</Filter>
    </ClCompile>
    <ClCompile Include="..\Threading\WMutex.cpp">
      <Filter>Fichiers sources\Threading</Filter>
    </ClCompile>
    <ClCompile Include="Core.cpp">
      <Filter>Fichiers sources\Core</Filter>
    </ClCompile>
    <ClCompile Include="ScopedLock.cpp">
      <Filter>Fichiers sources\Core</Filter>
    </ClCompile>
    <ClCompile Include="SafeQueue.cpp">
      <Filter>Fichiers sources\Core</Filter>
    </ClCompile>
    <ClCompile Include="Transformer.cpp">
      <Filter>Fichiers sources\Threading</Filter>
    </ClCompile>
    <ClCompile Include="WThread.cpp">
      <Filter>Fichiers sources\Threading</Filter>
    </ClCompile>
    <ClCompile Include="GUI.cpp">
      <Filter>Fichiers sources</Filter>
    </ClCompile>
    <ClCompile Include="WindowsNetworkAPI.cpp">
      <Filter>Fichiers sources\Networking</Filter>
    </ClCompile>
  </ItemGroup>
  <ItemGroup>
    <None Include="ClassDiagram.cd" />
  </ItemGroup>
</Project>